github.com/google/uuid v1.6.0 h1:NIvaJDMOsjHA8n1jAhLSgzrAzy1Hgr+hNrb57e+94F0=
github.com/google/uuid v1.6.0/go.mod h1:TIyPZe4MgqvfeYDBFedMoGGpEw/LqOeaOT+nhxU+yHo=
github.com/sktylr/routeit v1.0.3 h1:h2C482sP48eKXzlwGmiBwtV34q76JQ2D6MSWBa2PvwQ=
github.com/sktylr/routeit v1.0.3/go.mod h1:EZOD7GOrqszUM3TES5VL8oSmFxa2t6yYQXPVaNxswE0=
github.com/sktylr/routeit v1.1.0 h1:lvTSylfZJ8noqp1bkKs89We2TlXWBO3J2+RjZ3UK5HU=
github.com/sktylr/routeit v1.1.0/go.mod h1:EZOD7GOrqszUM3TES5VL8oSmFxa2t6yYQXPVaNxswE0=
